
Microsoft Visual Studio Solution File, Format Version 12.00
# Visual Studio Version 17
VisualStudioVersion = 17.8.34525.116
MinimumVisualStudioVersion = 10.0.40219.1
Project("{2150E333-8FDC-42A3-9474-1A3956D46DE8}") = "src", "src", "{9F657B26-A8C8-44B7-AA32-BA98F20DACAC}"
EndProject
Project("{2150E333-8FDC-42A3-9474-1A3956D46DE8}") = "tests", "tests", "{C6DD7183-D4FE-44B8-A6F9-D60F9B96A5A4}"
EndProject
Project("{9A19103F-16F7-4668-BE54-9A1E7A4F7556}") = "RocketseatAuction.API", "src\RocketseatAuction.API\RocketseatAuction.API.csproj", "{46CA3895-5ED5-47A3-BBCC-076DA80C6BC5}"
EndProject
Project("{FAE04EC0-301F-11D3-BF4B-00C04F79EFBC}") = "UseCases.Test", "tests\UseCases.Test\UseCases.Test.csproj", "{7486424D-0B0B-4B13-AF0C-BEE1709228E8}"
EndProject
Global
	GlobalSection(SolutionConfigurationPlatforms) = preSolution
		Debug|Any CPU = Debug|Any CPU
		Release|Any CPU = Release|Any CPU
	EndGlobalSection
	GlobalSection(ProjectConfigurationPlatforms) = postSolution
		{46CA3895-5ED5-47A3-BBCC-076DA80C6BC5}.Debug|Any CPU.ActiveCfg = Debug|Any CPU
		{46CA3895-5ED5-47A3-BBCC-076DA80C6BC5}.Debug|Any CPU.Build.0 = Debug|Any CPU
		{46CA3895-5ED5-47A3-BBCC-076DA80C6BC5}.Release|Any CPU.ActiveCfg = Release|Any CPU
		{46CA3895-5ED5-47A3-BBCC-076DA80C6BC5}.Release|Any CPU.Build.0 = Release|Any CPU
		{7486424D-0B0B-4B13-AF0C-BEE1709228E8}.Debug|Any CPU.ActiveCfg = Debug|Any CPU
		{7486424D-0B0B-4B13-AF0C-BEE1709228E8}.Debug|Any CPU.Build.0 = Debug|Any CPU
		{7486424D-0B0B-4B13-AF0C-BEE1709228E8}.Release|Any CPU.ActiveCfg = Release|Any CPU
		{7486424D-0B0B-4B13-AF0C-BEE1709228E8}.Release|Any CPU.Build.0 = Release|Any CPU
	EndGlobalSection
	GlobalSection(SolutionProperties) = preSolution
		HideSolutionNode = FALSE
	EndGlobalSection
	GlobalSection(NestedProjects) = preSolution
		{46CA3895-5ED5-47A3-BBCC-076DA80C6BC5} = {9F657B26-A8C8-44B7-AA32-BA98F20DACAC}
		{7486424D-0B0B-4B13-AF0C-BEE1709228E8} = {C6DD7183-D4FE-44B8-A6F9-D60F9B96A5A4}
	EndGlobalSection
	GlobalSection(ExtensibilityGlobals) = postSolution
		SolutionGuid = {1B8350F5-D21A-4FBA-AF4C-91E2E0722226}
	EndGlobalSection
EndGlobal
